
Microsoft Visual Studio Solution File, Format Version 12.00
# Visual Studio Version 16
VisualStudioVersion = 16.0.30011.22
MinimumVisualStudioVersion = 10.0.40219.1
Project("{9A19103F-16F7-4668-BE54-9A1E7A4F7556}") = "Bus.Services.Helper", "Bus.Services.Helper\Bus.Services.Helper.csproj", "{6A2DA6FA-5F61-4DFF-950A-8F7D62EFCB0F}"
EndProject
Project("{9A19103F-16F7-4668-BE54-9A1E7A4F7556}") = "CnaCatalogService", "CnaCatalogService\CnaCatalogService.csproj", "{FAD4173A-14A6-4822-8F9D-29A6698AFD40}"
EndProject
Project("{9A19103F-16F7-4668-BE54-9A1E7A4F7556}") = "CnaFuncOnCatalog", "CnaFuncOnCatalog\CnaFuncOnCatalog.csproj", "{14488CDB-E542-47FF-84DE-0D3DCA45EDC4}"
EndProject
Project("{9A19103F-16F7-4668-BE54-9A1E7A4F7556}") = "Repositories.Services.Interfaces", "Repositories.Services.Interfaces\Repositories.Services.Interfaces.csproj", "{15582ADA-F420-4F18-98FE-C954A07A0B33}"
EndProject
Project("{9A19103F-16F7-4668-BE54-9A1E7A4F7556}") = "CnAppForAzureDev", "WebAppUI\CnAppForAzureDev.csproj", "{FFF6159A-4D7D-4ECF-89AC-9B5C81279D87}"
EndProject
Global
	GlobalSection(SolutionConfigurationPlatforms) = preSolution
		Debug|Any CPU = Debug|Any CPU
		Release|Any CPU = Release|Any CPU
	EndGlobalSection
	GlobalSection(ProjectConfigurationPlatforms) = postSolution
		{6A2DA6FA-5F61-4DFF-950A-8F7D62EFCB0F}.Debug|Any CPU.ActiveCfg = Debug|Any CPU
		{6A2DA6FA-5F61-4DFF-950A-8F7D62EFCB0F}.Debug|Any CPU.Build.0 = Debug|Any CPU
		{6A2DA6FA-5F61-4DFF-950A-8F7D62EFCB0F}.Release|Any CPU.ActiveCfg = Release|Any CPU
		{6A2DA6FA-5F61-4DFF-950A-8F7D62EFCB0F}.Release|Any CPU.Build.0 = Release|Any CPU
		{FAD4173A-14A6-4822-8F9D-29A6698AFD40}.Debug|Any CPU.ActiveCfg = Debug|Any CPU
		{FAD4173A-14A6-4822-8F9D-29A6698AFD40}.Debug|Any CPU.Build.0 = Debug|Any CPU
		{FAD4173A-14A6-4822-8F9D-29A6698AFD40}.Release|Any CPU.ActiveCfg = Release|Any CPU
		{FAD4173A-14A6-4822-8F9D-29A6698AFD40}.Release|Any CPU.Build.0 = Release|Any CPU
		{14488CDB-E542-47FF-84DE-0D3DCA45EDC4}.Debug|Any CPU.ActiveCfg = Debug|Any CPU
		{14488CDB-E542-47FF-84DE-0D3DCA45EDC4}.Debug|Any CPU.Build.0 = Debug|Any CPU
		{14488CDB-E542-47FF-84DE-0D3DCA45EDC4}.Release|Any CPU.ActiveCfg = Release|Any CPU
		{14488CDB-E542-47FF-84DE-0D3DCA45EDC4}.Release|Any CPU.Build.0 = Release|Any CPU
		{15582ADA-F420-4F18-98FE-C954A07A0B33}.Debug|Any CPU.ActiveCfg = Debug|Any CPU
		{15582ADA-F420-4F18-98FE-C954A07A0B33}.Debug|Any CPU.Build.0 = Debug|Any CPU
		{15582ADA-F420-4F18-98FE-C954A07A0B33}.Release|Any CPU.ActiveCfg = Release|Any CPU
		{15582ADA-F420-4F18-98FE-C954A07A0B33}.Release|Any CPU.Build.0 = Release|Any CPU
		{FFF6159A-4D7D-4ECF-89AC-9B5C81279D87}.Debug|Any CPU.ActiveCfg = Debug|Any CPU
		{FFF6159A-4D7D-4ECF-89AC-9B5C81279D87}.Debug|Any CPU.Build.0 = Debug|Any CPU
		{FFF6159A-4D7D-4ECF-89AC-9B5C81279D87}.Release|Any CPU.ActiveCfg = Release|Any CPU
		{FFF6159A-4D7D-4ECF-89AC-9B5C81279D87}.Release|Any CPU.Build.0 = Release|Any CPU
	EndGlobalSection
	GlobalSection(SolutionProperties) = preSolution
		HideSolutionNode = FALSE
	EndGlobalSection
	GlobalSection(ExtensibilityGlobals) = postSolution
		SolutionGuid = {56B82A49-986C-41DC-BD3C-94F778139863}
	EndGlobalSection
EndGlobal
