
Microsoft Visual Studio Solution File, Format Version 12.00
# Visual Studio Version 16
VisualStudioVersion = 16.0.30011.22
MinimumVisualStudioVersion = 10.0.40219.1
Project("{9A19103F-16F7-4668-BE54-9A1E7A4F7556}") = "CnAppForAzureDev", "CnAppForAzureDev.csproj", "{E3C15FF9-F7A4-4961-BC31-4EB6D9C0A14C}"
EndProject
Project("{9A19103F-16F7-4668-BE54-9A1E7A4F7556}") = "Repositories.Services.Interfaces", "..\Repositories.Services.Interfaces\Repositories.Services.Interfaces.csproj", "{59DB7083-7E5C-4E28-8638-58208EDE4A29}"
EndProject
Project("{9A19103F-16F7-4668-BE54-9A1E7A4F7556}") = "CnaCatalogService", "..\CnaCatalogService\CnaCatalogService.csproj", "{F3811B02-60DB-4BC2-9107-B5718A73ECC3}"
EndProject
Project("{9A19103F-16F7-4668-BE54-9A1E7A4F7556}") = "Bus.Services.Helper", "..\Bus.Services.Helper\Bus.Services.Helper.csproj", "{3897E6B7-79D1-4040-865A-F0D4395AA5B6}"
EndProject
Project("{9A19103F-16F7-4668-BE54-9A1E7A4F7556}") = "CnaFuncOnCatalog", "..\CnaFuncOnCatalog\CnaFuncOnCatalog.csproj", "{345D016E-BC51-46E1-A16C-81F4EE582407}"
EndProject
Global
	GlobalSection(SolutionConfigurationPlatforms) = preSolution
		Debug|Any CPU = Debug|Any CPU
		Release|Any CPU = Release|Any CPU
	EndGlobalSection
	GlobalSection(ProjectConfigurationPlatforms) = postSolution
		{E3C15FF9-F7A4-4961-BC31-4EB6D9C0A14C}.Debug|Any CPU.ActiveCfg = Debug|Any CPU
		{E3C15FF9-F7A4-4961-BC31-4EB6D9C0A14C}.Debug|Any CPU.Build.0 = Debug|Any CPU
		{E3C15FF9-F7A4-4961-BC31-4EB6D9C0A14C}.Release|Any CPU.ActiveCfg = Release|Any CPU
		{E3C15FF9-F7A4-4961-BC31-4EB6D9C0A14C}.Release|Any CPU.Build.0 = Release|Any CPU
		{59DB7083-7E5C-4E28-8638-58208EDE4A29}.Debug|Any CPU.ActiveCfg = Debug|Any CPU
		{59DB7083-7E5C-4E28-8638-58208EDE4A29}.Debug|Any CPU.Build.0 = Debug|Any CPU
		{59DB7083-7E5C-4E28-8638-58208EDE4A29}.Release|Any CPU.ActiveCfg = Release|Any CPU
		{59DB7083-7E5C-4E28-8638-58208EDE4A29}.Release|Any CPU.Build.0 = Release|Any CPU
		{F3811B02-60DB-4BC2-9107-B5718A73ECC3}.Debug|Any CPU.ActiveCfg = Debug|Any CPU
		{F3811B02-60DB-4BC2-9107-B5718A73ECC3}.Debug|Any CPU.Build.0 = Debug|Any CPU
		{F3811B02-60DB-4BC2-9107-B5718A73ECC3}.Release|Any CPU.ActiveCfg = Release|Any CPU
		{F3811B02-60DB-4BC2-9107-B5718A73ECC3}.Release|Any CPU.Build.0 = Release|Any CPU
		{3897E6B7-79D1-4040-865A-F0D4395AA5B6}.Debug|Any CPU.ActiveCfg = Debug|Any CPU
		{3897E6B7-79D1-4040-865A-F0D4395AA5B6}.Debug|Any CPU.Build.0 = Debug|Any CPU
		{3897E6B7-79D1-4040-865A-F0D4395AA5B6}.Release|Any CPU.ActiveCfg = Release|Any CPU
		{3897E6B7-79D1-4040-865A-F0D4395AA5B6}.Release|Any CPU.Build.0 = Release|Any CPU
		{345D016E-BC51-46E1-A16C-81F4EE582407}.Debug|Any CPU.ActiveCfg = Debug|Any CPU
		{345D016E-BC51-46E1-A16C-81F4EE582407}.Debug|Any CPU.Build.0 = Debug|Any CPU
		{345D016E-BC51-46E1-A16C-81F4EE582407}.Release|Any CPU.ActiveCfg = Release|Any CPU
		{345D016E-BC51-46E1-A16C-81F4EE582407}.Release|Any CPU.Build.0 = Release|Any CPU
	EndGlobalSection
	GlobalSection(SolutionProperties) = preSolution
		HideSolutionNode = FALSE
	EndGlobalSection
	GlobalSection(ExtensibilityGlobals) = postSolution
		SolutionGuid = {56B82A49-986C-41DC-BD3C-94F778139863}
	EndGlobalSection
EndGlobal
