
Microsoft Visual Studio Solution File, Format Version 12.00
# Visual Studio Version 16
VisualStudioVersion = 16.0.30523.141
MinimumVisualStudioVersion = 10.0.40219.1
Project("{FAE04EC0-301F-11D3-BF4B-00C04F79EFBC}") = "ProductManagementFunction", "ProductManagementFunction.csproj", "{3C89FF9A-5988-4CC9-81F9-617F38E16C5D}"
EndProject
Global
	GlobalSection(SolutionConfigurationPlatforms) = preSolution
		Debug|Any CPU = Debug|Any CPU
		Release|Any CPU = Release|Any CPU
	EndGlobalSection
	GlobalSection(ProjectConfigurationPlatforms) = postSolution
		{3C89FF9A-5988-4CC9-81F9-617F38E16C5D}.Debug|Any CPU.ActiveCfg = Debug|Any CPU
		{3C89FF9A-5988-4CC9-81F9-617F38E16C5D}.Debug|Any CPU.Build.0 = Debug|Any CPU
		{3C89FF9A-5988-4CC9-81F9-617F38E16C5D}.Release|Any CPU.ActiveCfg = Release|Any CPU
		{3C89FF9A-5988-4CC9-81F9-617F38E16C5D}.Release|Any CPU.Build.0 = Release|Any CPU
	EndGlobalSection
	GlobalSection(SolutionProperties) = preSolution
		HideSolutionNode = FALSE
	EndGlobalSection
	GlobalSection(ExtensibilityGlobals) = postSolution
		SolutionGuid = {B8B35ABF-08FE-48BF-88D1-9BA9E41D3038}
	EndGlobalSection
EndGlobal
