
Microsoft Visual Studio Solution File, Format Version 12.00
# Visual Studio Version 16
VisualStudioVersion = 16.0.30011.22
MinimumVisualStudioVersion = 10.0.40219.1
Project("{9A19103F-16F7-4668-BE54-9A1E7A4F7556}") = "CnAppForAzureDev", "WebAppUI\CnAppForAzureDev.csproj", "{E3C15FF9-F7A4-4961-BC31-4EB6D9C0A14C}"
EndProject
Project("{9A19103F-16F7-4668-BE54-9A1E7A4F7556}") = "CnaCatalogService", "CnaCatalogService\CnaCatalogService.csproj", "{FF23F34D-0955-40EA-A281-008C9EE3526F}"
EndProject
Project("{E53339B2-1760-4266-BCC7-CA923CBCF16C}") = "docker-compose", "docker-compose.dcproj", "{EF220859-6B26-49AA-8A64-DCCAE63873B5}"
EndProject
Global
	GlobalSection(SolutionConfigurationPlatforms) = preSolution
		Debug|Any CPU = Debug|Any CPU
		Release|Any CPU = Release|Any CPU
	EndGlobalSection
	GlobalSection(ProjectConfigurationPlatforms) = postSolution
		{E3C15FF9-F7A4-4961-BC31-4EB6D9C0A14C}.Debug|Any CPU.ActiveCfg = Debug|Any CPU
		{E3C15FF9-F7A4-4961-BC31-4EB6D9C0A14C}.Debug|Any CPU.Build.0 = Debug|Any CPU
		{E3C15FF9-F7A4-4961-BC31-4EB6D9C0A14C}.Release|Any CPU.ActiveCfg = Release|Any CPU
		{E3C15FF9-F7A4-4961-BC31-4EB6D9C0A14C}.Release|Any CPU.Build.0 = Release|Any CPU
		{FF23F34D-0955-40EA-A281-008C9EE3526F}.Debug|Any CPU.ActiveCfg = Debug|Any CPU
		{FF23F34D-0955-40EA-A281-008C9EE3526F}.Debug|Any CPU.Build.0 = Debug|Any CPU
		{FF23F34D-0955-40EA-A281-008C9EE3526F}.Release|Any CPU.ActiveCfg = Release|Any CPU
		{FF23F34D-0955-40EA-A281-008C9EE3526F}.Release|Any CPU.Build.0 = Release|Any CPU
		{EF220859-6B26-49AA-8A64-DCCAE63873B5}.Debug|Any CPU.ActiveCfg = Debug|Any CPU
		{EF220859-6B26-49AA-8A64-DCCAE63873B5}.Debug|Any CPU.Build.0 = Debug|Any CPU
		{EF220859-6B26-49AA-8A64-DCCAE63873B5}.Release|Any CPU.ActiveCfg = Release|Any CPU
		{EF220859-6B26-49AA-8A64-DCCAE63873B5}.Release|Any CPU.Build.0 = Release|Any CPU
	EndGlobalSection
	GlobalSection(SolutionProperties) = preSolution
		HideSolutionNode = FALSE
	EndGlobalSection
	GlobalSection(ExtensibilityGlobals) = postSolution
		SolutionGuid = {56B82A49-986C-41DC-BD3C-94F778139863}
	EndGlobalSection
EndGlobal
